
Microsoft Visual Studio Solution File, Format Version 12.00
# Visual Studio Version 16
VisualStudioVersion = 16.0.28809.33
MinimumVisualStudioVersion = 10.0.40219.1
Project("{2150E333-8FDC-42A3-9474-1A3956D46DE8}") = "src", "src", "{5D305B79-E3EB-4B76-9080-2E1A58D1AF57}"
EndProject
Project("{2150E333-8FDC-42A3-9474-1A3956D46DE8}") = "tests", "tests", "{83C52F84-E539-45E7-9C3C-CFE6356BAB15}"
EndProject
Project("{9A19103F-16F7-4668-BE54-9A1E7A4F7556}") = "Core", "src\Core\Core.csproj", "{437162D4-9552-4026-8415-F4EC40AFED56}"
EndProject
Project("{9A19103F-16F7-4668-BE54-9A1E7A4F7556}") = "Algorithms", "src\Algorithms\Algorithms.csproj", "{CC1E4A6E-BEEB-4ECB-B967-DBD8A4348034}"
EndProject
Project("{9A19103F-16F7-4668-BE54-9A1E7A4F7556}") = "Algorithms.Test", "tests\Algorithms.Test\Algorithms.Test.csproj", "{2FA8E8DA-DCE2-4F18-9BA4-85C0D1A0C532}"
EndProject
Project("{FAE04EC0-301F-11D3-BF4B-00C04F79EFBC}") = "DataStructures", "src\DataStructures\DataStructures.csproj", "{61A51205-1784-4356-BD1F-52B0945BC95F}"
EndProject
Project("{2150E333-8FDC-42A3-9474-1A3956D46DE8}") = "shared", "shared", "{1844F2A5-5505-4290-83B9-D62E17166089}"
EndProject
Global
	GlobalSection(SolutionConfigurationPlatforms) = preSolution
		Debug|Any CPU = Debug|Any CPU
		Release|Any CPU = Release|Any CPU
	EndGlobalSection
	GlobalSection(ProjectConfigurationPlatforms) = postSolution
		{437162D4-9552-4026-8415-F4EC40AFED56}.Debug|Any CPU.ActiveCfg = Debug|Any CPU
		{437162D4-9552-4026-8415-F4EC40AFED56}.Debug|Any CPU.Build.0 = Debug|Any CPU
		{437162D4-9552-4026-8415-F4EC40AFED56}.Release|Any CPU.ActiveCfg = Release|Any CPU
		{437162D4-9552-4026-8415-F4EC40AFED56}.Release|Any CPU.Build.0 = Release|Any CPU
		{CC1E4A6E-BEEB-4ECB-B967-DBD8A4348034}.Debug|Any CPU.ActiveCfg = Debug|Any CPU
		{CC1E4A6E-BEEB-4ECB-B967-DBD8A4348034}.Debug|Any CPU.Build.0 = Debug|Any CPU
		{CC1E4A6E-BEEB-4ECB-B967-DBD8A4348034}.Release|Any CPU.ActiveCfg = Release|Any CPU
		{CC1E4A6E-BEEB-4ECB-B967-DBD8A4348034}.Release|Any CPU.Build.0 = Release|Any CPU
		{2FA8E8DA-DCE2-4F18-9BA4-85C0D1A0C532}.Debug|Any CPU.ActiveCfg = Debug|Any CPU
		{2FA8E8DA-DCE2-4F18-9BA4-85C0D1A0C532}.Debug|Any CPU.Build.0 = Debug|Any CPU
		{2FA8E8DA-DCE2-4F18-9BA4-85C0D1A0C532}.Release|Any CPU.ActiveCfg = Release|Any CPU
		{2FA8E8DA-DCE2-4F18-9BA4-85C0D1A0C532}.Release|Any CPU.Build.0 = Release|Any CPU
		{61A51205-1784-4356-BD1F-52B0945BC95F}.Debug|Any CPU.ActiveCfg = Debug|Any CPU
		{61A51205-1784-4356-BD1F-52B0945BC95F}.Debug|Any CPU.Build.0 = Debug|Any CPU
		{61A51205-1784-4356-BD1F-52B0945BC95F}.Release|Any CPU.ActiveCfg = Release|Any CPU
		{61A51205-1784-4356-BD1F-52B0945BC95F}.Release|Any CPU.Build.0 = Release|Any CPU
	EndGlobalSection
	GlobalSection(SolutionProperties) = preSolution
		HideSolutionNode = FALSE
	EndGlobalSection
	GlobalSection(NestedProjects) = preSolution
		{437162D4-9552-4026-8415-F4EC40AFED56} = {1844F2A5-5505-4290-83B9-D62E17166089}
		{CC1E4A6E-BEEB-4ECB-B967-DBD8A4348034} = {5D305B79-E3EB-4B76-9080-2E1A58D1AF57}
		{2FA8E8DA-DCE2-4F18-9BA4-85C0D1A0C532} = {83C52F84-E539-45E7-9C3C-CFE6356BAB15}
		{61A51205-1784-4356-BD1F-52B0945BC95F} = {5D305B79-E3EB-4B76-9080-2E1A58D1AF57}
		{1844F2A5-5505-4290-83B9-D62E17166089} = {5D305B79-E3EB-4B76-9080-2E1A58D1AF57}
	EndGlobalSection
	GlobalSection(ExtensibilityGlobals) = postSolution
		SolutionGuid = {A2225961-64EB-4CFB-9CE8-0E84DE874F81}
	EndGlobalSection
EndGlobal
